
Microsoft Visual Studio Solution File, Format Version 12.00
# Visual Studio Version 16
VisualStudioVersion = 16.0.31019.35
MinimumVisualStudioVersion = 10.0.40219.1
Project("{FAE04EC0-301F-11D3-BF4B-00C04F79EFBC}") = "Adressbook", "Adressbook\Adressbook.csproj", "{BB1B51FC-3B82-47E7-A62A-176F9736558A}"
EndProject
Global
	GlobalSection(SolutionConfigurationPlatforms) = preSolution
		Debug|Any CPU = Debug|Any CPU
		Release|Any CPU = Release|Any CPU
	EndGlobalSection
	GlobalSection(ProjectConfigurationPlatforms) = postSolution
		{BB1B51FC-3B82-47E7-A62A-176F9736558A}.Debug|Any CPU.ActiveCfg = Debug|Any CPU
		{BB1B51FC-3B82-47E7-A62A-176F9736558A}.Debug|Any CPU.Build.0 = Debug|Any CPU
		{BB1B51FC-3B82-47E7-A62A-176F9736558A}.Release|Any CPU.ActiveCfg = Release|Any CPU
		{BB1B51FC-3B82-47E7-A62A-176F9736558A}.Release|Any CPU.Build.0 = Release|Any CPU
	EndGlobalSection
	GlobalSection(SolutionProperties) = preSolution
		HideSolutionNode = FALSE
	EndGlobalSection
	GlobalSection(ExtensibilityGlobals) = postSolution
		SolutionGuid = {550AC928-E5EF-4361-BF93-EE8BCDDF89F1}
	EndGlobalSection
EndGlobal
